
Microsoft Visual Studio Solution File, Format Version 12.00
# Visual Studio Version 17
VisualStudioVersion = 17.6.33829.357
MinimumVisualStudioVersion = 10.0.40219.1
Project("{888888A0-9F3D-457C-B088-3A5042F75D52}") = "Reg-Python", "Reg-Python.pyproj", "{A43CDA51-C6A2-42C7-8260-1543136EE633}"
EndProject
Global
	GlobalSection(SolutionConfigurationPlatforms) = preSolution
		Debug|Any CPU = Debug|Any CPU
		Release|Any CPU = Release|Any CPU
	EndGlobalSection
	GlobalSection(ProjectConfigurationPlatforms) = postSolution
		{A43CDA51-C6A2-42C7-8260-1543136EE633}.Debug|Any CPU.ActiveCfg = Debug|Any CPU
		{A43CDA51-C6A2-42C7-8260-1543136EE633}.Release|Any CPU.ActiveCfg = Release|Any CPU
	EndGlobalSection
	GlobalSection(SolutionProperties) = preSolution
		HideSolutionNode = FALSE
	EndGlobalSection
	GlobalSection(ExtensibilityGlobals) = postSolution
		SolutionGuid = {599F6755-5023-4FC3-BD73-46291C64C06D}
	EndGlobalSection
EndGlobal
